// !$*UTF8*$!
{
	archiveVersion = 1;
	classes = {
	};
	objectVersion = 56;
	objects = {

/* Begin PBXBuildFile section */
		A04161642AB5DC3E00DA275D /* Your_TrainApp.swift in Sources */ = {isa = PBXBuildFile; fileRef = A04161632AB5DC3E00DA275D /* Your_TrainApp.swift */; };
		A04161662AB5DC3E00DA275D /* ContentView.swift in Sources */ = {isa = PBXBuildFile; fileRef = A04161652AB5DC3E00DA275D /* ContentView.swift */; };
		A04161682AB5DC4000DA275D /* Assets.xcassets in Resources */ = {isa = PBXBuildFile; fileRef = A04161672AB5DC4000DA275D /* Assets.xcassets */; };
		A041616B2AB5DC4000DA275D /* Preview Assets.xcassets in Resources */ = {isa = PBXBuildFile; fileRef = A041616A2AB5DC4000DA275D /* Preview Assets.xcassets */; };
		A04161752AB5E3ED00DA275D /* MainView.swift in Sources */ = {isa = PBXBuildFile; fileRef = A04161742AB5E3ED00DA275D /* MainView.swift */; };
		A04161772AB5EA5C00DA275D /* Constants.swift in Sources */ = {isa = PBXBuildFile; fileRef = A04161762AB5EA5C00DA275D /* Constants.swift */; };
		A04161792AB5F5C900DA275D /* NewsView.swift in Sources */ = {isa = PBXBuildFile; fileRef = A04161782AB5F5C900DA275D /* NewsView.swift */; };
		A041617B2AB5F5DE00DA275D /* MessengerView.swift in Sources */ = {isa = PBXBuildFile; fileRef = A041617A2AB5F5DE00DA275D /* MessengerView.swift */; };
		A041617D2AB5F5FC00DA275D /* TrainerMessenger.swift in Sources */ = {isa = PBXBuildFile; fileRef = A041617C2AB5F5FC00DA275D /* TrainerMessenger.swift */; };
		A041617F2AB5F60B00DA275D /* ProfileView.swift in Sources */ = {isa = PBXBuildFile; fileRef = A041617E2AB5F60B00DA275D /* ProfileView.swift */; };
		A04161812AB5F61500DA275D /* SettingsView.swift in Sources */ = {isa = PBXBuildFile; fileRef = A04161802AB5F61500DA275D /* SettingsView.swift */; };
		A04161832AB6032200DA275D /* BarItem.swift in Sources */ = {isa = PBXBuildFile; fileRef = A04161822AB6032200DA275D /* BarItem.swift */; };
		A04161852AB627A600DA275D /* BasicSettingCell.swift in Sources */ = {isa = PBXBuildFile; fileRef = A04161842AB627A600DA275D /* BasicSettingCell.swift */; };
		A0BC1F922AC3263400050400 /* PersonalMessageView.swift in Sources */ = {isa = PBXBuildFile; fileRef = A0BC1F912AC3263400050400 /* PersonalMessageView.swift */; };
		A0BC1F942AC334DF00050400 /* PersonDataView.swift in Sources */ = {isa = PBXBuildFile; fileRef = A0BC1F932AC334DF00050400 /* PersonDataView.swift */; };
		A0D860142AC1571A002739B4 /* NewsCell.swift in Sources */ = {isa = PBXBuildFile; fileRef = A0D860132AC1571A002739B4 /* NewsCell.swift */; };
		A0D860172AC1611E002739B4 /* RecommendationView.swift in Sources */ = {isa = PBXBuildFile; fileRef = A0D860162AC1611E002739B4 /* RecommendationView.swift */; };
		A0D860192AC1616E002739B4 /* HandbookView.swift in Sources */ = {isa = PBXBuildFile; fileRef = A0D860182AC1616E002739B4 /* HandbookView.swift */; };
/* End PBXBuildFile section */

/* Begin PBXFileReference section */
		A04161602AB5DC3E00DA275D /* Your Train.app */ = {isa = PBXFileReference; explicitFileType = wrapper.application; includeInIndex = 0; path = "Your Train.app"; sourceTree = BUILT_PRODUCTS_DIR; };
		A04161632AB5DC3E00DA275D /* Your_TrainApp.swift */ = {isa = PBXFileReference; lastKnownFileType = sourcecode.swift; path = Your_TrainApp.swift; sourceTree = "<group>"; };
		A04161652AB5DC3E00DA275D /* ContentView.swift */ = {isa = PBXFileReference; lastKnownFileType = sourcecode.swift; path = ContentView.swift; sourceTree = "<group>"; };
		A04161672AB5DC4000DA275D /* Assets.xcassets */ = {isa = PBXFileReference; lastKnownFileType = folder.assetcatalog; path = Assets.xcassets; sourceTree = "<group>"; };
		A041616A2AB5DC4000DA275D /* Preview Assets.xcassets */ = {isa = PBXFileReference; lastKnownFileType = folder.assetcatalog; path = "Preview Assets.xcassets"; sourceTree = "<group>"; };
		A04161742AB5E3ED00DA275D /* MainView.swift */ = {isa = PBXFileReference; lastKnownFileType = sourcecode.swift; path = MainView.swift; sourceTree = "<group>"; };
		A04161762AB5EA5C00DA275D /* Constants.swift */ = {isa = PBXFileReference; lastKnownFileType = sourcecode.swift; path = Constants.swift; sourceTree = "<group>"; };
		A04161782AB5F5C900DA275D /* NewsView.swift */ = {isa = PBXFileReference; lastKnownFileType = sourcecode.swift; path = NewsView.swift; sourceTree = "<group>"; };
		A041617A2AB5F5DE00DA275D /* MessengerView.swift */ = {isa = PBXFileReference; lastKnownFileType = sourcecode.swift; path = MessengerView.swift; sourceTree = "<group>"; };
		A041617C2AB5F5FC00DA275D /* TrainerMessenger.swift */ = {isa = PBXFileReference; lastKnownFileType = sourcecode.swift; path = TrainerMessenger.swift; sourceTree = "<group>"; };
		A041617E2AB5F60B00DA275D /* ProfileView.swift */ = {isa = PBXFileReference; lastKnownFileType = sourcecode.swift; path = ProfileView.swift; sourceTree = "<group>"; };
		A04161802AB5F61500DA275D /* SettingsView.swift */ = {isa = PBXFileReference; lastKnownFileType = sourcecode.swift; path = SettingsView.swift; sourceTree = "<group>"; };
		A04161822AB6032200DA275D /* BarItem.swift */ = {isa = PBXFileReference; lastKnownFileType = sourcecode.swift; path = BarItem.swift; sourceTree = "<group>"; };
		A04161842AB627A600DA275D /* BasicSettingCell.swift */ = {isa = PBXFileReference; lastKnownFileType = sourcecode.swift; path = BasicSettingCell.swift; sourceTree = "<group>"; };
		A0BC1F912AC3263400050400 /* PersonalMessageView.swift */ = {isa = PBXFileReference; lastKnownFileType = sourcecode.swift; path = PersonalMessageView.swift; sourceTree = "<group>"; };
		A0BC1F932AC334DF00050400 /* PersonDataView.swift */ = {isa = PBXFileReference; lastKnownFileType = sourcecode.swift; path = PersonDataView.swift; sourceTree = "<group>"; };
		A0D860132AC1571A002739B4 /* NewsCell.swift */ = {isa = PBXFileReference; lastKnownFileType = sourcecode.swift; path = NewsCell.swift; sourceTree = "<group>"; };
		A0D860162AC1611E002739B4 /* RecommendationView.swift */ = {isa = PBXFileReference; lastKnownFileType = sourcecode.swift; path = RecommendationView.swift; sourceTree = "<group>"; };
		A0D860182AC1616E002739B4 /* HandbookView.swift */ = {isa = PBXFileReference; lastKnownFileType = sourcecode.swift; path = HandbookView.swift; sourceTree = "<group>"; };
/* End PBXFileReference section */

/* Begin PBXFrameworksBuildPhase section */
		A041615D2AB5DC3E00DA275D /* Frameworks */ = {
			isa = PBXFrameworksBuildPhase;
			buildActionMask = 2147483647;
			files = (
			);
			runOnlyForDeploymentPostprocessing = 0;
		};
/* End PBXFrameworksBuildPhase section */

/* Begin PBXGroup section */
		A04161572AB5DC3E00DA275D = {
			isa = PBXGroup;
			children = (
				A04161622AB5DC3E00DA275D /* Your Train */,
				A04161612AB5DC3E00DA275D /* Products */,
			);
			sourceTree = "<group>";
		};
		A04161612AB5DC3E00DA275D /* Products */ = {
			isa = PBXGroup;
			children = (
				A04161602AB5DC3E00DA275D /* Your Train.app */,
			);
			name = Products;
			sourceTree = "<group>";
		};
		A04161622AB5DC3E00DA275D /* Your Train */ = {
			isa = PBXGroup;
			children = (
				A04161732AB5E3BA00DA275D /* Model */,
				A04161722AB5E3A400DA275D /* ModelView */,
				A04161712AB5E39100DA275D /* Views */,
				A04161672AB5DC4000DA275D /* Assets.xcassets */,
				A04161632AB5DC3E00DA275D /* Your_TrainApp.swift */,
				A04161692AB5DC4000DA275D /* Preview Content */,
			);
			path = "Your Train";
			sourceTree = "<group>";
		};
		A04161692AB5DC4000DA275D /* Preview Content */ = {
			isa = PBXGroup;
			children = (
				A041616A2AB5DC4000DA275D /* Preview Assets.xcassets */,
			);
			path = "Preview Content";
			sourceTree = "<group>";
		};
		A04161712AB5E39100DA275D /* Views */ = {
			isa = PBXGroup;
			children = (
				A0D860152AC15DEC002739B4 /* NewsView */,
				A0BC1F902AC3261B00050400 /* MessageView */,
				A04161862AB628A500DA275D /* SettingsView */,
				A04161652AB5DC3E00DA275D /* ContentView.swift */,
				A04161742AB5E3ED00DA275D /* MainView.swift */,
				A041617E2AB5F60B00DA275D /* ProfileView.swift */,
				A04161822AB6032200DA275D /* BarItem.swift */,
				A0BC1F8F2AC323D200050400 /* HandbookView */,
			);
			path = Views;
			sourceTree = "<group>";
		};
		A04161722AB5E3A400DA275D /* ModelView */ = {
			isa = PBXGroup;
			children = (
			);
			path = ModelView;
			sourceTree = "<group>";
		};
		A04161732AB5E3BA00DA275D /* Model */ = {
			isa = PBXGroup;
			children = (
				A04161762AB5EA5C00DA275D /* Constants.swift */,
			);
			path = Model;
			sourceTree = "<group>";
		};
		A04161862AB628A500DA275D /* SettingsView */ = {
			isa = PBXGroup;
			children = (
				A04161842AB627A600DA275D /* BasicSettingCell.swift */,
				A04161802AB5F61500DA275D /* SettingsView.swift */,
				A0BC1F932AC334DF00050400 /* PersonDataView.swift */,
			);
			path = SettingsView;
			sourceTree = "<group>";
		};
		A0BC1F8F2AC323D200050400 /* HandbookView */ = {
			isa = PBXGroup;
			children = (
				A0D860162AC1611E002739B4 /* RecommendationView.swift */,
				A0D860182AC1616E002739B4 /* HandbookView.swift */,
			);
			path = HandbookView;
			sourceTree = "<group>";
		};
		A0BC1F902AC3261B00050400 /* MessageView */ = {
			isa = PBXGroup;
			children = (
				A041617A2AB5F5DE00DA275D /* MessengerView.swift */,
				A041617C2AB5F5FC00DA275D /* TrainerMessenger.swift */,
				A0BC1F912AC3263400050400 /* PersonalMessageView.swift */,
			);
			path = MessageView;
			sourceTree = "<group>";
		};
		A0D860152AC15DEC002739B4 /* NewsView */ = {
			isa = PBXGroup;
			children = (
				A04161782AB5F5C900DA275D /* NewsView.swift */,
				A0D860132AC1571A002739B4 /* NewsCell.swift */,
			);
			path = NewsView;
			sourceTree = "<group>";
		};
/* End PBXGroup section */

/* Begin PBXNativeTarget section */
		A041615F2AB5DC3E00DA275D /* Your Train */ = {
			isa = PBXNativeTarget;
			buildConfigurationList = A041616E2AB5DC4000DA275D /* Build configuration list for PBXNativeTarget "Your Train" */;
			buildPhases = (
				A041615C2AB5DC3E00DA275D /* Sources */,
				A041615D2AB5DC3E00DA275D /* Frameworks */,
				A041615E2AB5DC3E00DA275D /* Resources */,
			);
			buildRules = (
			);
			dependencies = (
			);
			name = "Your Train";
			productName = "Your Train";
			productReference = A04161602AB5DC3E00DA275D /* Your Train.app */;
			productType = "com.apple.product-type.application";
		};
/* End PBXNativeTarget section */

/* Begin PBXProject section */
		A04161582AB5DC3E00DA275D /* Project object */ = {
			isa = PBXProject;
			attributes = {
				BuildIndependentTargetsInParallel = 1;
				LastSwiftUpdateCheck = 1430;
				LastUpgradeCheck = 1430;
				TargetAttributes = {
					A041615F2AB5DC3E00DA275D = {
						CreatedOnToolsVersion = 14.3.1;
					};
				};
			};
			buildConfigurationList = A041615B2AB5DC3E00DA275D /* Build configuration list for PBXProject "Your Train" */;
			compatibilityVersion = "Xcode 14.0";
			developmentRegion = en;
			hasScannedForEncodings = 0;
			knownRegions = (
				en,
				Base,
			);
			mainGroup = A04161572AB5DC3E00DA275D;
			productRefGroup = A04161612AB5DC3E00DA275D /* Products */;
			projectDirPath = "";
			projectRoot = "";
			targets = (
				A041615F2AB5DC3E00DA275D /* Your Train */,
			);
		};
/* End PBXProject section */

/* Begin PBXResourcesBuildPhase section */
		A041615E2AB5DC3E00DA275D /* Resources */ = {
			isa = PBXResourcesBuildPhase;
			buildActionMask = 2147483647;
			files = (
				A041616B2AB5DC4000DA275D /* Preview Assets.xcassets in Resources */,
				A04161682AB5DC4000DA275D /* Assets.xcassets in Resources */,
			);
			runOnlyForDeploymentPostprocessing = 0;
		};
/* End PBXResourcesBuildPhase section */

/* Begin PBXSourcesBuildPhase section */
		A041615C2AB5DC3E00DA275D /* Sources */ = {
			isa = PBXSourcesBuildPhase;
			buildActionMask = 2147483647;
			files = (
				A041617F2AB5F60B00DA275D /* ProfileView.swift in Sources */,
				A04161852AB627A600DA275D /* BasicSettingCell.swift in Sources */,
				A0D860192AC1616E002739B4 /* HandbookView.swift in Sources */,
				A041617B2AB5F5DE00DA275D /* MessengerView.swift in Sources */,
				A04161832AB6032200DA275D /* BarItem.swift in Sources */,
				A04161662AB5DC3E00DA275D /* ContentView.swift in Sources */,
				A0D860172AC1611E002739B4 /* RecommendationView.swift in Sources */,
				A0BC1F922AC3263400050400 /* PersonalMessageView.swift in Sources */,
				A04161812AB5F61500DA275D /* SettingsView.swift in Sources */,
				A041617D2AB5F5FC00DA275D /* TrainerMessenger.swift in Sources */,
				A04161752AB5E3ED00DA275D /* MainView.swift in Sources */,
				A0BC1F942AC334DF00050400 /* PersonDataView.swift in Sources */,
				A04161642AB5DC3E00DA275D /* Your_TrainApp.swift in Sources */,
				A04161792AB5F5C900DA275D /* NewsView.swift in Sources */,
				A0D860142AC1571A002739B4 /* NewsCell.swift in Sources */,
				A04161772AB5EA5C00DA275D /* Constants.swift in Sources */,
			);
			runOnlyForDeploymentPostprocessing = 0;
		};
/* End PBXSourcesBuildPhase section */

/* Begin XCBuildConfiguration section */
		A041616C2AB5DC4000DA275D /* Debug */ = {
			isa = XCBuildConfiguration;
			buildSettings = {
				ALWAYS_SEARCH_USER_PATHS = NO;
				CLANG_ANALYZER_NONNULL = YES;
				CLANG_ANALYZER_NUMBER_OBJECT_CONVERSION = YES_AGGRESSIVE;
				CLANG_CXX_LANGUAGE_STANDARD = "gnu++20";
				CLANG_ENABLE_MODULES = YES;
				CLANG_ENABLE_OBJC_ARC = YES;
				CLANG_ENABLE_OBJC_WEAK = YES;
				CLANG_WARN_BLOCK_CAPTURE_AUTORELEASING = YES;
				CLANG_WARN_BOOL_CONVERSION = YES;
				CLANG_WARN_COMMA = YES;
				CLANG_WARN_CONSTANT_CONVERSION = YES;
				CLANG_WARN_DEPRECATED_OBJC_IMPLEMENTATIONS = YES;
				CLANG_WARN_DIRECT_OBJC_ISA_USAGE = YES_ERROR;
				CLANG_WARN_DOCUMENTATION_COMMENTS = YES;
				CLANG_WARN_EMPTY_BODY = YES;
				CLANG_WARN_ENUM_CONVERSION = YES;
				CLANG_WARN_INFINITE_RECURSION = YES;
				CLANG_WARN_INT_CONVERSION = YES;
				CLANG_WARN_NON_LITERAL_NULL_CONVERSION = YES;
				CLANG_WARN_OBJC_IMPLICIT_RETAIN_SELF = YES;
				CLANG_WARN_OBJC_LITERAL_CONVERSION = YES;
				CLANG_WARN_OBJC_ROOT_CLASS = YES_ERROR;
				CLANG_WARN_QUOTED_INCLUDE_IN_FRAMEWORK_HEADER = YES;
				CLANG_WARN_RANGE_LOOP_ANALYSIS = YES;
				CLANG_WARN_STRICT_PROTOTYPES = YES;
				CLANG_WARN_SUSPICIOUS_MOVE = YES;
				CLANG_WARN_UNGUARDED_AVAILABILITY = YES_AGGRESSIVE;
				CLANG_WARN_UNREACHABLE_CODE = YES;
				CLANG_WARN__DUPLICATE_METHOD_MATCH = YES;
				COPY_PHASE_STRIP = NO;
				DEBUG_INFORMATION_FORMAT = dwarf;
				ENABLE_STRICT_OBJC_MSGSEND = YES;
				ENABLE_TESTABILITY = YES;
				GCC_C_LANGUAGE_STANDARD = gnu11;
				GCC_DYNAMIC_NO_PIC = NO;
				GCC_NO_COMMON_BLOCKS = YES;
				GCC_OPTIMIZATION_LEVEL = 0;
				GCC_PREPROCESSOR_DEFINITIONS = (
					"DEBUG=1",
					"$(inherited)",
				);
				GCC_WARN_64_TO_32_BIT_CONVERSION = YES;
				GCC_WARN_ABOUT_RETURN_TYPE = YES_ERROR;
				GCC_WARN_UNDECLARED_SELECTOR = YES;
				GCC_WARN_UNINITIALIZED_AUTOS = YES_AGGRESSIVE;
				GCC_WARN_UNUSED_FUNCTION = YES;
				GCC_WARN_UNUSED_VARIABLE = YES;
				IPHONEOS_DEPLOYMENT_TARGET = 16.4;
				MTL_ENABLE_DEBUG_INFO = INCLUDE_SOURCE;
				MTL_FAST_MATH = YES;
				ONLY_ACTIVE_ARCH = YES;
				SDKROOT = iphoneos;
				SWIFT_ACTIVE_COMPILATION_CONDITIONS = DEBUG;
				SWIFT_OPTIMIZATION_LEVEL = "-Onone";
			};
			name = Debug;
		};
		A041616D2AB5DC4000DA275D /* Release */ = {
			isa = XCBuildConfiguration;
			buildSettings = {
				ALWAYS_SEARCH_USER_PATHS = NO;
				CLANG_ANALYZER_NONNULL = YES;
				CLANG_ANALYZER_NUMBER_OBJECT_CONVERSION = YES_AGGRESSIVE;
				CLANG_CXX_LANGUAGE_STANDARD = "gnu++20";
				CLANG_ENABLE_MODULES = YES;
				CLANG_ENABLE_OBJC_ARC = YES;
				CLANG_ENABLE_OBJC_WEAK = YES;
				CLANG_WARN_BLOCK_CAPTURE_AUTORELEASING = YES;
				CLANG_WARN_BOOL_CONVERSION = YES;
				CLANG_WARN_COMMA = YES;
				CLANG_WARN_CONSTANT_CONVERSION = YES;
				CLANG_WARN_DEPRECATED_OBJC_IMPLEMENTATIONS = YES;
				CLANG_WARN_DIRECT_OBJC_ISA_USAGE = YES_ERROR;
				CLANG_WARN_DOCUMENTATION_COMMENTS = YES;
				CLANG_WARN_EMPTY_BODY = YES;
				CLANG_WARN_ENUM_CONVERSION = YES;
				CLANG_WARN_INFINITE_RECURSION = YES;
				CLANG_WARN_INT_CONVERSION = YES;
				CLANG_WARN_NON_LITERAL_NULL_CONVERSION = YES;
				CLANG_WARN_OBJC_IMPLICIT_RETAIN_SELF = YES;
				CLANG_WARN_OBJC_LITERAL_CONVERSION = YES;
				CLANG_WARN_OBJC_ROOT_CLASS = YES_ERROR;
				CLANG_WARN_QUOTED_INCLUDE_IN_FRAMEWORK_HEADER = YES;
				CLANG_WARN_RANGE_LOOP_ANALYSIS = YES;
				CLANG_WARN_STRICT_PROTOTYPES = YES;
				CLANG_WARN_SUSPICIOUS_MOVE = YES;
				CLANG_WARN_UNGUARDED_AVAILABILITY = YES_AGGRESSIVE;
				CLANG_WARN_UNREACHABLE_CODE = YES;
				CLANG_WARN__DUPLICATE_METHOD_MATCH = YES;
				COPY_PHASE_STRIP = NO;
				DEBUG_INFORMATION_FORMAT = "dwarf-with-dsym";
				ENABLE_NS_ASSERTIONS = NO;
				ENABLE_STRICT_OBJC_MSGSEND = YES;
				GCC_C_LANGUAGE_STANDARD = gnu11;
				GCC_NO_COMMON_BLOCKS = YES;
				GCC_WARN_64_TO_32_BIT_CONVERSION = YES;
				GCC_WARN_ABOUT_RETURN_TYPE = YES_ERROR;
				GCC_WARN_UNDECLARED_SELECTOR = YES;
				GCC_WARN_UNINITIALIZED_AUTOS = YES_AGGRESSIVE;
				GCC_WARN_UNUSED_FUNCTION = YES;
				GCC_WARN_UNUSED_VARIABLE = YES;
				IPHONEOS_DEPLOYMENT_TARGET = 16.4;
				MTL_ENABLE_DEBUG_INFO = NO;
				MTL_FAST_MATH = YES;
				SDKROOT = iphoneos;
				SWIFT_COMPILATION_MODE = wholemodule;
				SWIFT_OPTIMIZATION_LEVEL = "-O";
				VALIDATE_PRODUCT = YES;
			};
			name = Release;
		};
		A041616F2AB5DC4000DA275D /* Debug */ = {
			isa = XCBuildConfiguration;
			buildSettings = {
				ASSETCATALOG_COMPILER_APPICON_NAME = AppIcon;
				ASSETCATALOG_COMPILER_GLOBAL_ACCENT_COLOR_NAME = AccentColor;
				CODE_SIGN_STYLE = Automatic;
				CURRENT_PROJECT_VERSION = 1;
				DEVELOPMENT_ASSET_PATHS = "\"Your Train/Preview Content\"";
				DEVELOPMENT_TEAM = 8Z9CU7FVMB;
				ENABLE_PREVIEWS = YES;
				GENERATE_INFOPLIST_FILE = YES;
				INFOPLIST_KEY_UIApplicationSceneManifest_Generation = YES;
				INFOPLIST_KEY_UIApplicationSupportsIndirectInputEvents = YES;
				INFOPLIST_KEY_UILaunchScreen_Generation = YES;
				INFOPLIST_KEY_UISupportedInterfaceOrientations_iPad = "UIInterfaceOrientationPortrait UIInterfaceOrientationPortraitUpsideDown UIInterfaceOrientationLandscapeLeft UIInterfaceOrientationLandscapeRight";
				INFOPLIST_KEY_UISupportedInterfaceOrientations_iPhone = "UIInterfaceOrientationPortrait UIInterfaceOrientationLandscapeLeft UIInterfaceOrientationLandscapeRight";
				LD_RUNPATH_SEARCH_PATHS = (
					"$(inherited)",
					"@executable_path/Frameworks",
				);
				MARKETING_VERSION = 1.0;
				PRODUCT_BUNDLE_IDENTIFIER = "Meaw.Your-Train";
				PRODUCT_NAME = "$(TARGET_NAME)";
				SWIFT_EMIT_LOC_STRINGS = YES;
				SWIFT_VERSION = 5.0;
				TARGETED_DEVICE_FAMILY = "1,2";
			};
			name = Debug;
		};
		A04161702AB5DC4000DA275D /* Release */ = {
			isa = XCBuildConfiguration;
			buildSettings = {
				ASSETCATALOG_COMPILER_APPICON_NAME = AppIcon;
				ASSETCATALOG_COMPILER_GLOBAL_ACCENT_COLOR_NAME = AccentColor;
				CODE_SIGN_STYLE = Automatic;
				CURRENT_PROJECT_VERSION = 1;
				DEVELOPMENT_ASSET_PATHS = "\"Your Train/Preview Content\"";
				DEVELOPMENT_TEAM = 8Z9CU7FVMB;
				ENABLE_PREVIEWS = YES;
				GENERATE_INFOPLIST_FILE = YES;
				INFOPLIST_KEY_UIApplicationSceneManifest_Generation = YES;
				INFOPLIST_KEY_UIApplicationSupportsIndirectInputEvents = YES;
				INFOPLIST_KEY_UILaunchScreen_Generation = YES;
				INFOPLIST_KEY_UISupportedInterfaceOrientations_iPad = "UIInterfaceOrientationPortrait UIInterfaceOrientationPortraitUpsideDown UIInterfaceOrientationLandscapeLeft UIInterfaceOrientationLandscapeRight";
				INFOPLIST_KEY_UISupportedInterfaceOrientations_iPhone = "UIInterfaceOrientationPortrait UIInterfaceOrientationLandscapeLeft UIInterfaceOrientationLandscapeRight";
				LD_RUNPATH_SEARCH_PATHS = (
					"$(inherited)",
					"@executable_path/Frameworks",
				);
				MARKETING_VERSION = 1.0;
				PRODUCT_BUNDLE_IDENTIFIER = "Meaw.Your-Train";
				PRODUCT_NAME = "$(TARGET_NAME)";
				SWIFT_EMIT_LOC_STRINGS = YES;
				SWIFT_VERSION = 5.0;
				TARGETED_DEVICE_FAMILY = "1,2";
			};
			name = Release;
		};
/* End XCBuildConfiguration section */

/* Begin XCConfigurationList section */
		A041615B2AB5DC3E00DA275D /* Build configuration list for PBXProject "Your Train" */ = {
			isa = XCConfigurationList;
			buildConfigurations = (
				A041616C2AB5DC4000DA275D /* Debug */,
				A041616D2AB5DC4000DA275D /* Release */,
			);
			defaultConfigurationIsVisible = 0;
			defaultConfigurationName = Release;
		};
		A041616E2AB5DC4000DA275D /* Build configuration list for PBXNativeTarget "Your Train" */ = {
			isa = XCConfigurationList;
			buildConfigurations = (
				A041616F2AB5DC4000DA275D /* Debug */,
				A04161702AB5DC4000DA275D /* Release */,
			);
			defaultConfigurationIsVisible = 0;
			defaultConfigurationName = Release;
		};
/* End XCConfigurationList section */
	};
	rootObject = A04161582AB5DC3E00DA275D /* Project object */;
}
